../results/diamond/diamond.Hugo.metaT_41.all.tsv
../results/diamond/diamond.Hugo.metaT_22.all.tsv
../results/diamond/diamond.Hugo.metaT_38.all.tsv
../results/diamond/diamond.Hugo.metaT_19.all.tsv
../results/diamond/diamond.Hugo.metaT_15.all.tsv
../results/diamond/diamond.Hugo.metaT_2.all.tsv
../results/diamond/diamond.Hugo.metaT_34.all.tsv
../results/diamond/diamond.Hugo.metaT_40.all.tsv
../results/diamond/diamond.Hugo.metaT_23.all.tsv
../results/diamond/diamond.Hugo.metaT_39.all.tsv
../results/diamond/diamond.Hugo.metaT_18.all.tsv
../results/diamond/diamond.Hugo.metaT_14.all.tsv
../results/diamond/diamond.Hugo.metaT_35.all.tsv
../results/diamond/diamond.Hugo.metaT_3.all.tsv
../results/diamond/diamond.Hugo.metaT_43.all.tsv
../results/diamond/diamond.Hugo.metaT_20.all.tsv
../results/diamond/diamond.Hugo.metaT_0.all.tsv
../results/diamond/diamond.Hugo.metaT_36.all.tsv
../results/diamond/diamond.Hugo.metaT_17.all.tsv
../results/diamond/diamond.Hugo.metaT_42.all.tsv
../results/diamond/diamond.Hugo.metaT_21.all.tsv
../results/diamond/diamond.Hugo.metaT_37.all.tsv
../results/diamond/diamond.Hugo.metaT_1.all.tsv
../results/diamond/diamond.Hugo.metaT_16.all.tsv
../results/diamond/diamond.Hugo.metaT_26.all.tsv
../results/diamond/diamond.Hugo.metaT_49.all.tsv
../results/diamond/diamond.Hugo.metaT_45.all.tsv
../results/diamond/diamond.Hugo.metaT_11.all.tsv
../results/diamond/diamond.Hugo.metaT_30.all.tsv
../results/diamond/diamond.Hugo.metaT_6.all.tsv
../results/diamond/diamond.Hugo.metaT_27.all.tsv
../results/diamond/diamond.Hugo.metaT_48.all.tsv
../results/diamond/diamond.Hugo.metaT_44.all.tsv
../results/diamond/diamond.Hugo.metaT_10.all.tsv
../results/diamond/diamond.Hugo.metaT_7.all.tsv
../results/diamond/diamond.Hugo.metaT_31.all.tsv
../results/diamond/diamond.Hugo.metaT_24.all.tsv
../results/diamond/diamond.Hugo.metaT_47.all.tsv
../results/diamond/diamond.Hugo.metaT_28.all.tsv
../results/diamond/diamond.Hugo.metaT_32.all.tsv
../results/diamond/diamond.Hugo.metaT_4.all.tsv
../results/diamond/diamond.Hugo.metaT_13.all.tsv
../results/diamond/diamond.Hugo.metaT_8.all.tsv
../results/diamond/diamond.Hugo.metaT_25.all.tsv
../results/diamond/diamond.Hugo.metaT_46.all.tsv
../results/diamond/diamond.Hugo.metaT_29.all.tsv
../results/diamond/diamond.Hugo.metaT_5.all.tsv
../results/diamond/diamond.Hugo.metaT_33.all.tsv
../results/diamond/diamond.Hugo.metaT_12.all.tsv
../results/diamond/diamond.Hugo.metaT_9.all.tsv
../resources/fasta/Hugo.metaT_41.fasta
../resources/fasta/Hugo.metaT_22.fasta
../resources/fasta/Hugo.metaT_38.fasta
../resources/fasta/Hugo.metaT_19.fasta
../resources/fasta/Hugo.metaT_15.fasta
../resources/fasta/Hugo.metaT_2.fasta
../resources/fasta/Hugo.metaT_34.fasta
../resources/fasta/Hugo.metaT_40.fasta
../resources/fasta/Hugo.metaT_23.fasta
../resources/fasta/Hugo.metaT_39.fasta
../resources/fasta/Hugo.metaT_18.fasta
../resources/fasta/Hugo.metaT_14.fasta
../resources/fasta/Hugo.metaT_35.fasta
../resources/fasta/Hugo.metaT_3.fasta
../resources/fasta/Hugo.metaT_43.fasta
../resources/fasta/Hugo.metaT_20.fasta
../resources/fasta/Hugo.metaT_0.fasta
../resources/fasta/Hugo.metaT_36.fasta
../resources/fasta/Hugo.metaT_17.fasta
../resources/fasta/Hugo.metaT_42.fasta
../resources/fasta/Hugo.metaT_21.fasta
../resources/fasta/Hugo.metaT_37.fasta
../resources/fasta/Hugo.metaT_1.fasta
../resources/fasta/Hugo.metaT_16.fasta
../resources/fasta/Hugo.metaT_26.fasta
../resources/fasta/Hugo.metaT_49.fasta
../resources/fasta/Hugo.metaT_45.fasta
../resources/fasta/Hugo.metaT_11.fasta
../resources/fasta/Hugo.metaT_30.fasta
../resources/fasta/Hugo.metaT_6.fasta
../resources/fasta/Hugo.metaT_27.fasta
../resources/fasta/Hugo.metaT_48.fasta
../resources/fasta/Hugo.metaT_44.fasta
../resources/fasta/Hugo.metaT_10.fasta
../resources/fasta/Hugo.metaT_7.fasta
../resources/fasta/Hugo.metaT_31.fasta
../resources/fasta/Hugo.metaT_24.fasta
../resources/fasta/Hugo.metaT_47.fasta
../resources/fasta/Hugo.metaT_28.fasta
../resources/fasta/Hugo.metaT_32.fasta
../resources/fasta/Hugo.metaT_4.fasta
../resources/fasta/Hugo.metaT_13.fasta
../resources/fasta/Hugo.metaT_8.fasta
../resources/fasta/Hugo.metaT_25.fasta
../resources/fasta/Hugo.metaT_46.fasta
../resources/fasta/Hugo.metaT_29.fasta
../resources/fasta/Hugo.metaT_5.fasta
../resources/fasta/Hugo.metaT_33.fasta
../resources/fasta/Hugo.metaT_12.fasta
../resources/fasta/Hugo.metaT_9.fasta
