../results/diamond/diamond.Hugo.metaT_34.all.tsv
../results/diamond/diamond.Hugo.metaT_24.all.tsv
../results/diamond/diamond.Hugo.metaT_37.all.tsv
../results/diamond/diamond.Hugo.metaT_43.all.tsv
../results/diamond/diamond.Hugo.metaT_41.all.tsv
../results/diamond/diamond.Hugo.metaT_46.all.tsv
../results/diamond/diamond.Hugo.metaT_6.all.tsv
../results/diamond/diamond.Hugo.metaT_40.all.tsv
../results/diamond/diamond.Hugo.metaT_22.all.tsv
../results/diamond/diamond.Hugo.metaT_47.all.tsv
../results/diamond/diamond.Hugo.metaT_1.all.tsv
../results/diamond/diamond.Hugo.metaT_20.all.tsv
../results/diamond/diamond.Hugo.metaT_29.all.tsv
../results/diamond/diamond.Hugo.metaT_27.all.tsv
../results/diamond/diamond.Hugo.metaT_23.all.tsv
../results/diamond/diamond.Hugo.metaT_28.all.tsv
../results/diamond/diamond.Hugo.metaT_16.all.tsv
../results/diamond/diamond.Hugo.metaT_0.all.tsv
../results/diamond/diamond.Hugo.metaT_5.all.tsv
../results/diamond/diamond.Hugo.metaT_48.all.tsv
../results/diamond/diamond.Hugo.metaT_39.all.tsv
../results/diamond/diamond.Hugo.metaT_32.all.tsv
../results/diamond/diamond.Hugo.metaT_26.all.tsv
../results/diamond/diamond.Hugo.metaT_36.all.tsv
../results/diamond/diamond.Hugo.metaT_38.all.tsv
../results/diamond/diamond.Hugo.metaT_33.all.tsv
../results/diamond/diamond.Hugo.metaT_44.all.tsv
../results/diamond/diamond.Hugo.metaT_18.all.tsv
../results/diamond/diamond.Hugo.metaT_4.all.tsv
../results/diamond/diamond.Hugo.metaT_49.all.tsv
../results/diamond/diamond.Hugo.metaT_17.all.tsv
../results/diamond/diamond.Hugo.metaT_19.all.tsv
../results/diamond/diamond.Hugo.metaT_12.all.tsv
../results/diamond/diamond.Hugo.metaT_10.all.tsv
../results/diamond/diamond.Hugo.metaT_14.all.tsv
../results/diamond/diamond.Hugo.metaT_13.all.tsv
../results/diamond/diamond.Hugo.metaT_45.all.tsv
../results/diamond/diamond.Hugo.metaT_42.all.tsv
../results/diamond/diamond.Hugo.metaT_15.all.tsv
../results/diamond/diamond.Hugo.metaT_9.all.tsv
../results/diamond/diamond.Hugo.metaT_7.all.tsv
../results/diamond/diamond.Hugo.metaT_35.all.tsv
../results/diamond/diamond.Hugo.metaT_8.all.tsv
../results/diamond/diamond.Hugo.metaT_11.all.tsv
../results/diamond/diamond.Hugo.metaT_21.all.tsv
../results/diamond/diamond.Hugo.metaT_2.all.tsv
../results/diamond/diamond.Hugo.metaT_31.all.tsv
../results/diamond/diamond.Hugo.metaT_3.all.tsv
../results/diamond/diamond.Hugo.metaT_25.all.tsv
../results/diamond/diamond.Hugo.metaT_30.all.tsv
